<?xml version="1.0" encoding="utf-8"?>
<Project ToolsVersion="4.0" xmlns="http://schemas.microsoft.com/developer/msbuild/2003">
  <ItemGroup>
    <Filter Include="Source Files">
      <UniqueIdentifier>{4FC737F1-C7A5-4376-A066-2A32D752A2FF}</UniqueIdentifier>
      <Extensions>cpp;c;cc;cxx;def;odl;idl;hpj;bat;asm;asmx</Extensions>
    </Filter>
    <Filter Include="Header Files">
      <UniqueIdentifier>{93995380-89BD-4b04-88EB-625FBE52EBFB}</UniqueIdentifier>
      <Extensions>h;hpp;hxx;hm;inl;inc;xsd</Extensions>
    </Filter>
    <Filter Include="Resource Files">
      <UniqueIdentifier>{67DA6AB6-F800-4c08-8B7A-83BB121AAD01}</UniqueIdentifier>
      <Extensions>rc;ico;cur;bmp;dlg;rc2;rct;bin;rgs;gif;jpg;jpeg;jpe;resx;tiff;tif;png;wav;mfcribbon-ms</Extensions>
    </Filter>
    <Filter Include="Header Files\Particles">
      <UniqueIdentifier>{20d5d769-0fd9-418c-b8fa-aeb4813d8fc2}</UniqueIdentifier>
    </Filter>
    <Filter Include="Header Files\D3DObjects">
      <UniqueIdentifier>{ec5c0aad-af0a-472d-aecf-a41fd675fea4}</UniqueIdentifier>
    </Filter>
    <Filter Include="Header Files\Vertex structs">
      <UniqueIdentifier>{600eaeaf-f389-4018-a315-16069821ced7}</UniqueIdentifier>
    </Filter>
    <Filter Include="Source Files\D3DObjects">
      <UniqueIdentifier>{096bebc1-c2e8-472f-9607-7a054778d8b6}</UniqueIdentifier>
    </Filter>
    <Filter Include="Source Files\Particles">
      <UniqueIdentifier>{a057f7d2-bd4a-4aba-b3c1-be474f0950a6}</UniqueIdentifier>
    </Filter>
  </ItemGroup>
  <ItemGroup>
    <ClCompile Include="main.cpp">
      <Filter>Source Files</Filter>
    </ClCompile>
    <ClCompile Include="D3DHandler.cpp">
      <Filter>Source Files</Filter>
    </ClCompile>
    <ClCompile Include="Camera.cpp">
      <Filter>Source Files</Filter>
    </ClCompile>
    <ClCompile Include="InputHandler.cpp">
      <Filter>Source Files</Filter>
    </ClCompile>
    <ClCompile Include="Timer.cpp">
      <Filter>Source Files</Filter>
    </ClCompile>
    <ClCompile Include="D3DObject.cpp">
      <Filter>Source Files\D3DObjects</Filter>
    </ClCompile>
    <ClCompile Include="HeightMap.cpp">
      <Filter>Source Files\D3DObjects</Filter>
    </ClCompile>
    <ClCompile Include="Triangle.cpp">
      <Filter>Source Files\D3DObjects</Filter>
    </ClCompile>
    <ClCompile Include="Hypercraft.cpp">
      <Filter>Source Files\D3DObjects</Filter>
    </ClCompile>
    <ClCompile Include="Cube.cpp">
      <Filter>Source Files\D3DObjects</Filter>
    </ClCompile>
    <ClCompile Include="ParticleSystem.cpp">
      <Filter>Source Files\Particles</Filter>
    </ClCompile>
    <ClCompile Include="SuperNova.cpp">
      <Filter>Source Files\Particles</Filter>
    </ClCompile>
    <ClCompile Include="WaterFountain.cpp">
      <Filter>Source Files\Particles</Filter>
    </ClCompile>
    <ClCompile Include="PaprikaFlame.cpp">
      <Filter>Source Files\Particles</Filter>
    </ClCompile>
    <ClCompile Include="ObjObject.cpp">
      <Filter>Source Files\D3DObjects</Filter>
    </ClCompile>
    <ClCompile Include="Group.cpp">
      <Filter>Source Files</Filter>
    </ClCompile>
    <ClCompile Include="Node.cpp">
      <Filter>Source Files</Filter>
    </ClCompile>
    <ClCompile Include="Frustum.cpp">
      <Filter>Source Files\D3DObjects</Filter>
    </ClCompile>
  </ItemGroup>
  <ItemGroup>
    <ClInclude Include="D3DHandler.h">
      <Filter>Header Files</Filter>
    </ClInclude>
    <ClInclude Include="Utils.h">
      <Filter>Header Files</Filter>
    </ClInclude>
    <ClInclude Include="cBuffers.h">
      <Filter>Header Files</Filter>
    </ClInclude>
    <ClInclude Include="Camera.h">
      <Filter>Header Files</Filter>
    </ClInclude>
    <ClInclude Include="InputHandler.h">
      <Filter>Header Files</Filter>
    </ClInclude>
    <ClInclude Include="Timer.h">
      <Filter>Header Files</Filter>
    </ClInclude>
    <ClInclude Include="D3DObject.h">
      <Filter>Header Files\D3DObjects</Filter>
    </ClInclude>
    <ClInclude Include="HeightMap.h">
      <Filter>Header Files\D3DObjects</Filter>
    </ClInclude>
    <ClInclude Include="Hypercraft.h">
      <Filter>Header Files\D3DObjects</Filter>
    </ClInclude>
    <ClInclude Include="Triangle.h">
      <Filter>Header Files\D3DObjects</Filter>
    </ClInclude>
    <ClInclude Include="VertexParticle.h">
      <Filter>Header Files\Vertex structs</Filter>
    </ClInclude>
    <ClInclude Include="VertexSimple.h">
      <Filter>Header Files\Vertex structs</Filter>
    </ClInclude>
    <ClInclude Include="VertexSimple2.h">
      <Filter>Header Files\Vertex structs</Filter>
    </ClInclude>
    <ClInclude Include="VertexTexture.h">
      <Filter>Header Files\Vertex structs</Filter>
    </ClInclude>
    <ClInclude Include="Cube.h">
      <Filter>Header Files\D3DObjects</Filter>
    </ClInclude>
    <ClInclude Include="PaprikaFlame.h">
      <Filter>Header Files\Particles</Filter>
    </ClInclude>
    <ClInclude Include="ParticleSystem.h">
      <Filter>Header Files\Particles</Filter>
    </ClInclude>
    <ClInclude Include="SuperNova.h">
      <Filter>Header Files\Particles</Filter>
    </ClInclude>
    <ClInclude Include="WaterFountain.h">
      <Filter>Header Files\Particles</Filter>
    </ClInclude>
    <ClInclude Include="VertexBlendmap.h">
      <Filter>Header Files\Vertex structs</Filter>
    </ClInclude>
    <ClInclude Include="ObjObject.h">
      <Filter>Header Files\D3DObjects</Filter>
    </ClInclude>
    <ClInclude Include="Light.h">
      <Filter>Header Files</Filter>
    </ClInclude>
    <ClInclude Include="Surface.h">
      <Filter>Header Files</Filter>
    </ClInclude>
    <ClInclude Include="Group.h">
      <Filter>Header Files</Filter>
    </ClInclude>
    <ClInclude Include="Node.h">
      <Filter>Header Files</Filter>
    </ClInclude>
    <ClInclude Include="Frustum.h">
      <Filter>Header Files\D3DObjects</Filter>
    </ClInclude>
  </ItemGroup>
  <ItemGroup>
    <None Include="effect.fx">
      <Filter>Resource Files</Filter>
    </None>
  </ItemGroup>
</Project>